<?xml version="1.0" encoding="utf-8"?>
<Project ToolsVersion="4.0" xmlns="http://schemas.microsoft.com/developer/msbuild/2003">
  <ItemGroup>
    <Filter Include="Source Files">
      <UniqueIdentifier>{4FC737F1-C7A5-4376-A066-2A32D752A2FF}</UniqueIdentifier>
      <Extensions>cpp;c;cxx;def;odl;idl;hpj;bat;asm;asmx</Extensions>
    </Filter>
    <Filter Include="Header Files">
      <UniqueIdentifier>{93995380-89BD-4b04-88EB-625FBE52EBFB}</UniqueIdentifier>
      <Extensions>h;hpp;hxx;hm;inl;inc;xsd</Extensions>
    </Filter>
    <Filter Include="Generated Files">
      <UniqueIdentifier>{71ED8ED8-ACB9-4CE9-BBE1-E00B30144E11}</UniqueIdentifier>
      <Extensions>cpp;c;cxx;moc;h;def;odl;idl;res;</Extensions>
    </Filter>
    <Filter Include="Form Files">
      <UniqueIdentifier>{99349809-55BA-4b9d-BF79-8FDBB0286EB3}</UniqueIdentifier>
      <Extensions>ui</Extensions>
      <ParseFiles>false</ParseFiles>
    </Filter>
  </ItemGroup>
  <ItemGroup>
    <ClCompile Include="assoline.cpp">
      <Filter>Source Files</Filter>
    </ClCompile>
    <ClCompile Include="basemode.cpp">
      <Filter>Source Files</Filter>
    </ClCompile>
    <ClCompile Include="baseobjcet.cpp">
      <Filter>Source Files</Filter>
    </ClCompile>
    <ClCompile Include="classobject.cpp">
      <Filter>Source Files</Filter>
    </ClCompile>
    <ClCompile Include="composline.cpp">
      <Filter>Source Files</Filter>
    </ClCompile>
    <ClCompile Include="diagramscene.cpp">
      <Filter>Source Files</Filter>
    </ClCompile>
    <ClCompile Include="diagramwindow.cpp">
      <Filter>Source Files</Filter>
    </ClCompile>
    <ClCompile Include="groupobject.cpp">
      <Filter>Source Files</Filter>
    </ClCompile>
    <ClCompile Include="insertassmode.cpp">
      <Filter>Source Files</Filter>
    </ClCompile>
    <ClCompile Include="insertclassmode.cpp">
      <Filter>Source Files</Filter>
    </ClCompile>
    <ClCompile Include="insertcomposmode.cpp">
      <Filter>Source Files</Filter>
    </ClCompile>
    <ClCompile Include="insertgenmode.cpp">
      <Filter>Source Files</Filter>
    </ClCompile>
    <ClCompile Include="insertusecasemode.cpp">
      <Filter>Source Files</Filter>
    </ClCompile>
    <ClCompile Include="link.cpp">
      <Filter>Source Files</Filter>
    </ClCompile>
    <ClCompile Include="main.cpp">
      <Filter>Source Files</Filter>
    </ClCompile>
    <ClCompile Include="node.cpp">
      <Filter>Source Files</Filter>
    </ClCompile>
    <ClCompile Include="qmlapplicationviewer\qmlapplicationviewer.cpp">
      <Filter>Source Files</Filter>
    </ClCompile>
    <ClCompile Include="selectmode.cpp">
      <Filter>Source Files</Filter>
    </ClCompile>
    <ClCompile Include="usecaseclass.cpp">
      <Filter>Source Files</Filter>
    </ClCompile>
    <ClCompile Include="debug\moc_diagramscene.cpp">
      <Filter>Generated Files</Filter>
    </ClCompile>
    <ClCompile Include="release\moc_diagramscene.cpp">
      <Filter>Generated Files</Filter>
    </ClCompile>
    <ClCompile Include="debug\moc_diagramwindow.cpp">
      <Filter>Generated Files</Filter>
    </ClCompile>
    <ClCompile Include="release\moc_diagramwindow.cpp">
      <Filter>Generated Files</Filter>
    </ClCompile>
    <ClCompile Include="debug\moc_qmlapplicationviewer.cpp">
      <Filter>Generated Files</Filter>
    </ClCompile>
    <ClCompile Include="release\moc_qmlapplicationviewer.cpp">
      <Filter>Generated Files</Filter>
    </ClCompile>
  </ItemGroup>
  <ItemGroup>
    <ClInclude Include="assoline.h">
      <Filter>Header Files</Filter>
    </ClInclude>
    <ClInclude Include="basemode.h">
      <Filter>Header Files</Filter>
    </ClInclude>
    <ClInclude Include="baseobjcet.h">
      <Filter>Header Files</Filter>
    </ClInclude>
    <ClInclude Include="classobject.h">
      <Filter>Header Files</Filter>
    </ClInclude>
    <ClInclude Include="composline.h">
      <Filter>Header Files</Filter>
    </ClInclude>
    <ClInclude Include="groupobject.h">
      <Filter>Header Files</Filter>
    </ClInclude>
    <ClInclude Include="insertassmode.h">
      <Filter>Header Files</Filter>
    </ClInclude>
    <ClInclude Include="insertclassmode.h">
      <Filter>Header Files</Filter>
    </ClInclude>
    <ClInclude Include="insertcomposmode.h">
      <Filter>Header Files</Filter>
    </ClInclude>
    <ClInclude Include="insertgenmode.h">
      <Filter>Header Files</Filter>
    </ClInclude>
    <ClInclude Include="insertusecasemode.h">
      <Filter>Header Files</Filter>
    </ClInclude>
    <ClInclude Include="link.h">
      <Filter>Header Files</Filter>
    </ClInclude>
    <ClInclude Include="node.h">
      <Filter>Header Files</Filter>
    </ClInclude>
    <ClInclude Include="selectmode.h">
      <Filter>Header Files</Filter>
    </ClInclude>
    <ClInclude Include="usecaseclass.h">
      <Filter>Header Files</Filter>
    </ClInclude>
    <ClInclude Include="ui_diagramwindow.h">
      <Filter>Generated Files</Filter>
    </ClInclude>
  </ItemGroup>
  <ItemGroup>
    <CustomBuild Include="diagramscene.h">
      <Filter>Header Files</Filter>
    </CustomBuild>
    <CustomBuild Include="diagramwindow.h">
      <Filter>Header Files</Filter>
    </CustomBuild>
    <CustomBuild Include="qmlapplicationviewer\qmlapplicationviewer.h">
      <Filter>Header Files</Filter>
    </CustomBuild>
    <CustomBuild Include="diagramwindow.ui">
      <Filter>Form Files</Filter>
    </CustomBuild>
  </ItemGroup>
</Project>